// !$*UTF8*$!
{
	archiveVersion = 1;
	classes = {
	};
	objectVersion = 46;
	objects = {

/* Begin PBXBuildFile section */
		ADB1F7FC1F34D3CE00A49162 /* AppDelegate.swift in Sources */ = {isa = PBXBuildFile; fileRef = ADB1F7FB1F34D3CE00A49162 /* AppDelegate.swift */; };
		ADB1F7FE1F34D3CE00A49162 /* ViewController.swift in Sources */ = {isa = PBXBuildFile; fileRef = ADB1F7FD1F34D3CE00A49162 /* ViewController.swift */; };
		ADB1F8011F34D3CE00A49162 /* Main.storyboard in Resources */ = {isa = PBXBuildFile; fileRef = ADB1F7FF1F34D3CE00A49162 /* Main.storyboard */; };
		ADB1F8041F34D3CE00A49162 /* WeatherApp.xcdatamodeld in Sources */ = {isa = PBXBuildFile; fileRef = ADB1F8021F34D3CE00A49162 /* WeatherApp.xcdatamodeld */; };
		ADB1F8061F34D3CE00A49162 /* Assets.xcassets in Resources */ = {isa = PBXBuildFile; fileRef = ADB1F8051F34D3CE00A49162 /* Assets.xcassets */; };
		ADB1F8091F34D3CE00A49162 /* LaunchScreen.storyboard in Resources */ = {isa = PBXBuildFile; fileRef = ADB1F8071F34D3CE00A49162 /* LaunchScreen.storyboard */; };
		ADB1F8111F34EA4500A49162 /* CurrentWeather.swift in Sources */ = {isa = PBXBuildFile; fileRef = ADB1F8101F34EA4500A49162 /* CurrentWeather.swift */; };
		ADB1F8131F34EE7600A49162 /* WeatherIconManager.swift in Sources */ = {isa = PBXBuildFile; fileRef = ADB1F8121F34EE7600A49162 /* WeatherIconManager.swift */; };
		ADB1F8151F378AC900A49162 /* APIManager.swift in Sources */ = {isa = PBXBuildFile; fileRef = ADB1F8141F378AC900A49162 /* APIManager.swift */; };
		ADB1F8171F38893F00A49162 /* ErrorManager.swift in Sources */ = {isa = PBXBuildFile; fileRef = ADB1F8161F38893F00A49162 /* ErrorManager.swift */; };
		ADB1F8191F38A8B000A49162 /* APIWeatherManager.swift in Sources */ = {isa = PBXBuildFile; fileRef = ADB1F8181F38A8B000A49162 /* APIWeatherManager.swift */; };
/* End PBXBuildFile section */

/* Begin PBXFileReference section */
		ADB1F7F81F34D3CE00A49162 /* WeatherApp.app */ = {isa = PBXFileReference; explicitFileType = wrapper.application; includeInIndex = 0; path = WeatherApp.app; sourceTree = BUILT_PRODUCTS_DIR; };
		ADB1F7FB1F34D3CE00A49162 /* AppDelegate.swift */ = {isa = PBXFileReference; lastKnownFileType = sourcecode.swift; path = AppDelegate.swift; sourceTree = "<group>"; };
		ADB1F7FD1F34D3CE00A49162 /* ViewController.swift */ = {isa = PBXFileReference; lastKnownFileType = sourcecode.swift; path = ViewController.swift; sourceTree = "<group>"; };
		ADB1F8001F34D3CE00A49162 /* Base */ = {isa = PBXFileReference; lastKnownFileType = file.storyboard; name = Base; path = Base.lproj/Main.storyboard; sourceTree = "<group>"; };
		ADB1F8031F34D3CE00A49162 /* WeatherApp.xcdatamodel */ = {isa = PBXFileReference; lastKnownFileType = wrapper.xcdatamodel; path = WeatherApp.xcdatamodel; sourceTree = "<group>"; };
		ADB1F8051F34D3CE00A49162 /* Assets.xcassets */ = {isa = PBXFileReference; lastKnownFileType = folder.assetcatalog; path = Assets.xcassets; sourceTree = "<group>"; };
		ADB1F8081F34D3CE00A49162 /* Base */ = {isa = PBXFileReference; lastKnownFileType = file.storyboard; name = Base; path = Base.lproj/LaunchScreen.storyboard; sourceTree = "<group>"; };
		ADB1F80A1F34D3CE00A49162 /* Info.plist */ = {isa = PBXFileReference; lastKnownFileType = text.plist.xml; path = Info.plist; sourceTree = "<group>"; };
		ADB1F8101F34EA4500A49162 /* CurrentWeather.swift */ = {isa = PBXFileReference; fileEncoding = 4; lastKnownFileType = sourcecode.swift; path = CurrentWeather.swift; sourceTree = "<group>"; };
		ADB1F8121F34EE7600A49162 /* WeatherIconManager.swift */ = {isa = PBXFileReference; fileEncoding = 4; lastKnownFileType = sourcecode.swift; path = WeatherIconManager.swift; sourceTree = "<group>"; };
		ADB1F8141F378AC900A49162 /* APIManager.swift */ = {isa = PBXFileReference; fileEncoding = 4; lastKnownFileType = sourcecode.swift; path = APIManager.swift; sourceTree = "<group>"; };
		ADB1F8161F38893F00A49162 /* ErrorManager.swift */ = {isa = PBXFileReference; fileEncoding = 4; lastKnownFileType = sourcecode.swift; path = ErrorManager.swift; sourceTree = "<group>"; };
		ADB1F8181F38A8B000A49162 /* APIWeatherManager.swift */ = {isa = PBXFileReference; fileEncoding = 4; lastKnownFileType = sourcecode.swift; path = APIWeatherManager.swift; sourceTree = "<group>"; };
/* End PBXFileReference section */

/* Begin PBXFrameworksBuildPhase section */
		ADB1F7F51F34D3CE00A49162 /* Frameworks */ = {
			isa = PBXFrameworksBuildPhase;
			buildActionMask = 2147483647;
			files = (
			);
			runOnlyForDeploymentPostprocessing = 0;
		};
/* End PBXFrameworksBuildPhase section */

/* Begin PBXGroup section */
		ADB1F7EF1F34D3CE00A49162 = {
			isa = PBXGroup;
			children = (
				ADB1F7FA1F34D3CE00A49162 /* WeatherApp */,
				ADB1F7F91F34D3CE00A49162 /* Products */,
			);
			sourceTree = "<group>";
		};
		ADB1F7F91F34D3CE00A49162 /* Products */ = {
			isa = PBXGroup;
			children = (
				ADB1F7F81F34D3CE00A49162 /* WeatherApp.app */,
			);
			name = Products;
			sourceTree = "<group>";
		};
		ADB1F7FA1F34D3CE00A49162 /* WeatherApp */ = {
			isa = PBXGroup;
			children = (
				ADB1F7FB1F34D3CE00A49162 /* AppDelegate.swift */,
				ADB1F7FD1F34D3CE00A49162 /* ViewController.swift */,
				ADB1F8141F378AC900A49162 /* APIManager.swift */,
				ADB1F8181F38A8B000A49162 /* APIWeatherManager.swift */,
				ADB1F8161F38893F00A49162 /* ErrorManager.swift */,
				ADB1F8101F34EA4500A49162 /* CurrentWeather.swift */,
				ADB1F8121F34EE7600A49162 /* WeatherIconManager.swift */,
				ADB1F7FF1F34D3CE00A49162 /* Main.storyboard */,
				ADB1F8051F34D3CE00A49162 /* Assets.xcassets */,
				ADB1F8071F34D3CE00A49162 /* LaunchScreen.storyboard */,
				ADB1F80A1F34D3CE00A49162 /* Info.plist */,
				ADB1F8021F34D3CE00A49162 /* WeatherApp.xcdatamodeld */,
			);
			path = WeatherApp;
			sourceTree = "<group>";
		};
/* End PBXGroup section */

/* Begin PBXNativeTarget section */
		ADB1F7F71F34D3CE00A49162 /* WeatherApp */ = {
			isa = PBXNativeTarget;
			buildConfigurationList = ADB1F80D1F34D3CE00A49162 /* Build configuration list for PBXNativeTarget "WeatherApp" */;
			buildPhases = (
				ADB1F7F41F34D3CE00A49162 /* Sources */,
				ADB1F7F51F34D3CE00A49162 /* Frameworks */,
				ADB1F7F61F34D3CE00A49162 /* Resources */,
			);
			buildRules = (
			);
			dependencies = (
			);
			name = WeatherApp;
			productName = WeatherApp;
			productReference = ADB1F7F81F34D3CE00A49162 /* WeatherApp.app */;
			productType = "com.apple.product-type.application";
		};
/* End PBXNativeTarget section */

/* Begin PBXProject section */
		ADB1F7F01F34D3CE00A49162 /* Project object */ = {
			isa = PBXProject;
			attributes = {
				LastSwiftUpdateCheck = 0830;
				LastUpgradeCheck = 0830;
				ORGANIZATIONNAME = "Yuliia Stelmakhovska";
				TargetAttributes = {
					ADB1F7F71F34D3CE00A49162 = {
						CreatedOnToolsVersion = 8.3.3;
						DevelopmentTeam = 2DQMEK652W;
						ProvisioningStyle = Automatic;
					};
				};
			};
			buildConfigurationList = ADB1F7F31F34D3CE00A49162 /* Build configuration list for PBXProject "WeatherApp" */;
			compatibilityVersion = "Xcode 3.2";
			developmentRegion = English;
			hasScannedForEncodings = 0;
			knownRegions = (
				en,
				Base,
			);
			mainGroup = ADB1F7EF1F34D3CE00A49162;
			productRefGroup = ADB1F7F91F34D3CE00A49162 /* Products */;
			projectDirPath = "";
			projectRoot = "";
			targets = (
				ADB1F7F71F34D3CE00A49162 /* WeatherApp */,
			);
		};
/* End PBXProject section */

/* Begin PBXResourcesBuildPhase section */
		ADB1F7F61F34D3CE00A49162 /* Resources */ = {
			isa = PBXResourcesBuildPhase;
			buildActionMask = 2147483647;
			files = (
				ADB1F8091F34D3CE00A49162 /* LaunchScreen.storyboard in Resources */,
				ADB1F8061F34D3CE00A49162 /* Assets.xcassets in Resources */,
				ADB1F8011F34D3CE00A49162 /* Main.storyboard in Resources */,
			);
			runOnlyForDeploymentPostprocessing = 0;
		};
/* End PBXResourcesBuildPhase section */

/* Begin PBXSourcesBuildPhase section */
		ADB1F7F41F34D3CE00A49162 /* Sources */ = {
			isa = PBXSourcesBuildPhase;
			buildActionMask = 2147483647;
			files = (
				ADB1F8151F378AC900A49162 /* APIManager.swift in Sources */,
				ADB1F8041F34D3CE00A49162 /* WeatherApp.xcdatamodeld in Sources */,
				ADB1F8171F38893F00A49162 /* ErrorManager.swift in Sources */,
				ADB1F7FE1F34D3CE00A49162 /* ViewController.swift in Sources */,
				ADB1F8131F34EE7600A49162 /* WeatherIconManager.swift in Sources */,
				ADB1F8111F34EA4500A49162 /* CurrentWeather.swift in Sources */,
				ADB1F7FC1F34D3CE00A49162 /* AppDelegate.swift in Sources */,
				ADB1F8191F38A8B000A49162 /* APIWeatherManager.swift in Sources */,
			);
			runOnlyForDeploymentPostprocessing = 0;
		};
/* End PBXSourcesBuildPhase section */

/* Begin PBXVariantGroup section */
		ADB1F7FF1F34D3CE00A49162 /* Main.storyboard */ = {
			isa = PBXVariantGroup;
			children = (
				ADB1F8001F34D3CE00A49162 /* Base */,
			);
			name = Main.storyboard;
			sourceTree = "<group>";
		};
		ADB1F8071F34D3CE00A49162 /* LaunchScreen.storyboard */ = {
			isa = PBXVariantGroup;
			children = (
				ADB1F8081F34D3CE00A49162 /* Base */,
			);
			name = LaunchScreen.storyboard;
			sourceTree = "<group>";
		};
/* End PBXVariantGroup section */

/* Begin XCBuildConfiguration section */
		ADB1F80B1F34D3CE00A49162 /* Debug */ = {
			isa = XCBuildConfiguration;
			buildSettings = {
				ALWAYS_SEARCH_USER_PATHS = NO;
				CLANG_ANALYZER_NONNULL = YES;
				CLANG_ANALYZER_NUMBER_OBJECT_CONVERSION = YES_AGGRESSIVE;
				CLANG_CXX_LANGUAGE_STANDARD = "gnu++0x";
				CLANG_CXX_LIBRARY = "libc++";
				CLANG_ENABLE_MODULES = YES;
				CLANG_ENABLE_OBJC_ARC = YES;
				CLANG_WARN_BOOL_CONVERSION = YES;
				CLANG_WARN_CONSTANT_CONVERSION = YES;
				CLANG_WARN_DIRECT_OBJC_ISA_USAGE = YES_ERROR;
				CLANG_WARN_DOCUMENTATION_COMMENTS = YES;
				CLANG_WARN_EMPTY_BODY = YES;
				CLANG_WARN_ENUM_CONVERSION = YES;
				CLANG_WARN_INFINITE_RECURSION = YES;
				CLANG_WARN_INT_CONVERSION = YES;
				CLANG_WARN_OBJC_ROOT_CLASS = YES_ERROR;
				CLANG_WARN_SUSPICIOUS_MOVE = YES;
				CLANG_WARN_UNREACHABLE_CODE = YES;
				CLANG_WARN__DUPLICATE_METHOD_MATCH = YES;
				"CODE_SIGN_IDENTITY[sdk=iphoneos*]" = "iPhone Developer";
				COPY_PHASE_STRIP = NO;
				DEBUG_INFORMATION_FORMAT = dwarf;
				ENABLE_STRICT_OBJC_MSGSEND = YES;
				ENABLE_TESTABILITY = YES;
				GCC_C_LANGUAGE_STANDARD = gnu99;
				GCC_DYNAMIC_NO_PIC = NO;
				GCC_NO_COMMON_BLOCKS = YES;
				GCC_OPTIMIZATION_LEVEL = 0;
				GCC_PREPROCESSOR_DEFINITIONS = (
					"DEBUG=1",
					"$(inherited)",
				);
				GCC_WARN_64_TO_32_BIT_CONVERSION = YES;
				GCC_WARN_ABOUT_RETURN_TYPE = YES_ERROR;
				GCC_WARN_UNDECLARED_SELECTOR = YES;
				GCC_WARN_UNINITIALIZED_AUTOS = YES_AGGRESSIVE;
				GCC_WARN_UNUSED_FUNCTION = YES;
				GCC_WARN_UNUSED_VARIABLE = YES;
				IPHONEOS_DEPLOYMENT_TARGET = 10.3;
				MTL_ENABLE_DEBUG_INFO = YES;
				ONLY_ACTIVE_ARCH = YES;
				SDKROOT = iphoneos;
				SWIFT_ACTIVE_COMPILATION_CONDITIONS = DEBUG;
				SWIFT_OPTIMIZATION_LEVEL = "-Onone";
			};
			name = Debug;
		};
		ADB1F80C1F34D3CE00A49162 /* Release */ = {
			isa = XCBuildConfiguration;
			buildSettings = {
				ALWAYS_SEARCH_USER_PATHS = NO;
				CLANG_ANALYZER_NONNULL = YES;
				CLANG_ANALYZER_NUMBER_OBJECT_CONVERSION = YES_AGGRESSIVE;
				CLANG_CXX_LANGUAGE_STANDARD = "gnu++0x";
				CLANG_CXX_LIBRARY = "libc++";
				CLANG_ENABLE_MODULES = YES;
				CLANG_ENABLE_OBJC_ARC = YES;
				CLANG_WARN_BOOL_CONVERSION = YES;
				CLANG_WARN_CONSTANT_CONVERSION = YES;
				CLANG_WARN_DIRECT_OBJC_ISA_USAGE = YES_ERROR;
				CLANG_WARN_DOCUMENTATION_COMMENTS = YES;
				CLANG_WARN_EMPTY_BODY = YES;
				CLANG_WARN_ENUM_CONVERSION = YES;
				CLANG_WARN_INFINITE_RECURSION = YES;
				CLANG_WARN_INT_CONVERSION = YES;
				CLANG_WARN_OBJC_ROOT_CLASS = YES_ERROR;
				CLANG_WARN_SUSPICIOUS_MOVE = YES;
				CLANG_WARN_UNREACHABLE_CODE = YES;
				CLANG_WARN__DUPLICATE_METHOD_MATCH = YES;
				"CODE_SIGN_IDENTITY[sdk=iphoneos*]" = "iPhone Developer";
				COPY_PHASE_STRIP = NO;
				DEBUG_INFORMATION_FORMAT = "dwarf-with-dsym";
				ENABLE_NS_ASSERTIONS = NO;
				ENABLE_STRICT_OBJC_MSGSEND = YES;
				GCC_C_LANGUAGE_STANDARD = gnu99;
				GCC_NO_COMMON_BLOCKS = YES;
				GCC_WARN_64_TO_32_BIT_CONVERSION = YES;
				GCC_WARN_ABOUT_RETURN_TYPE = YES_ERROR;
				GCC_WARN_UNDECLARED_SELECTOR = YES;
				GCC_WARN_UNINITIALIZED_AUTOS = YES_AGGRESSIVE;
				GCC_WARN_UNUSED_FUNCTION = YES;
				GCC_WARN_UNUSED_VARIABLE = YES;
				IPHONEOS_DEPLOYMENT_TARGET = 10.3;
				MTL_ENABLE_DEBUG_INFO = NO;
				SDKROOT = iphoneos;
				SWIFT_OPTIMIZATION_LEVEL = "-Owholemodule";
				VALIDATE_PRODUCT = YES;
			};
			name = Release;
		};
		ADB1F80E1F34D3CE00A49162 /* Debug */ = {
			isa = XCBuildConfiguration;
			buildSettings = {
				ASSETCATALOG_COMPILER_APPICON_NAME = AppIcon;
				DEVELOPMENT_TEAM = 2DQMEK652W;
				INFOPLIST_FILE = WeatherApp/Info.plist;
				LD_RUNPATH_SEARCH_PATHS = "$(inherited) @executable_path/Frameworks";
				PRODUCT_BUNDLE_IDENTIFIER = Stelmakhovska.WeatherApp;
				PRODUCT_NAME = "$(TARGET_NAME)";
				SWIFT_VERSION = 3.0;
			};
			name = Debug;
		};
		ADB1F80F1F34D3CE00A49162 /* Release */ = {
			isa = XCBuildConfiguration;
			buildSettings = {
				ASSETCATALOG_COMPILER_APPICON_NAME = AppIcon;
				DEVELOPMENT_TEAM = 2DQMEK652W;
				INFOPLIST_FILE = WeatherApp/Info.plist;
				LD_RUNPATH_SEARCH_PATHS = "$(inherited) @executable_path/Frameworks";
				PRODUCT_BUNDLE_IDENTIFIER = Stelmakhovska.WeatherApp;
				PRODUCT_NAME = "$(TARGET_NAME)";
				SWIFT_VERSION = 3.0;
			};
			name = Release;
		};
/* End XCBuildConfiguration section */

/* Begin XCConfigurationList section */
		ADB1F7F31F34D3CE00A49162 /* Build configuration list for PBXProject "WeatherApp" */ = {
			isa = XCConfigurationList;
			buildConfigurations = (
				ADB1F80B1F34D3CE00A49162 /* Debug */,
				ADB1F80C1F34D3CE00A49162 /* Release */,
			);
			defaultConfigurationIsVisible = 0;
			defaultConfigurationName = Release;
		};
		ADB1F80D1F34D3CE00A49162 /* Build configuration list for PBXNativeTarget "WeatherApp" */ = {
			isa = XCConfigurationList;
			buildConfigurations = (
				ADB1F80E1F34D3CE00A49162 /* Debug */,
				ADB1F80F1F34D3CE00A49162 /* Release */,
			);
			defaultConfigurationIsVisible = 0;
		};
/* End XCConfigurationList section */

/* Begin XCVersionGroup section */
		ADB1F8021F34D3CE00A49162 /* WeatherApp.xcdatamodeld */ = {
			isa = XCVersionGroup;
			children = (
				ADB1F8031F34D3CE00A49162 /* WeatherApp.xcdatamodel */,
			);
			currentVersion = ADB1F8031F34D3CE00A49162 /* WeatherApp.xcdatamodel */;
			path = WeatherApp.xcdatamodeld;
			sourceTree = "<group>";
			versionGroupType = wrapper.xcdatamodel;
		};
/* End XCVersionGroup section */
	};
	rootObject = ADB1F7F01F34D3CE00A49162 /* Project object */;
}
